// !$*UTF8*$!
{
	archiveVersion = 1;
	classes = {
	};
	objectVersion = 50;
	objects = {

/* Begin PBXBuildFile section */
		CF0CB5EF20DA2A5B006778D6 /* AppDelegate.m in Sources */ = {isa = PBXBuildFile; fileRef = CF0CB5EE20DA2A5B006778D6 /* AppDelegate.m */; };
		CF0CB5F220DA2A5C006778D6 /* ViewController.m in Sources */ = {isa = PBXBuildFile; fileRef = CF0CB5F120DA2A5C006778D6 /* ViewController.m */; };
		CF0CB5F520DA2A5C006778D6 /* Main.storyboard in Resources */ = {isa = PBXBuildFile; fileRef = CF0CB5F320DA2A5C006778D6 /* Main.storyboard */; };
		CF0CB5F720DA2A60006778D6 /* Assets.xcassets in Resources */ = {isa = PBXBuildFile; fileRef = CF0CB5F620DA2A60006778D6 /* Assets.xcassets */; };
		CF0CB5FA20DA2A60006778D6 /* LaunchScreen.storyboard in Resources */ = {isa = PBXBuildFile; fileRef = CF0CB5F820DA2A60006778D6 /* LaunchScreen.storyboard */; };
		CF0CB5FD20DA2A60006778D6 /* main.m in Sources */ = {isa = PBXBuildFile; fileRef = CF0CB5FC20DA2A60006778D6 /* main.m */; };
		CF0CB60720DA2A60006778D6 /* FMDBTests.m in Sources */ = {isa = PBXBuildFile; fileRef = CF0CB60620DA2A60006778D6 /* FMDBTests.m */; };
		CF0CB61220DA2A60006778D6 /* FMDBUITests.m in Sources */ = {isa = PBXBuildFile; fileRef = CF0CB61120DA2A60006778D6 /* FMDBUITests.m */; };
		CF0CB62220DA2AAF006778D6 /* Person.m in Sources */ = {isa = PBXBuildFile; fileRef = CF0CB62120DA2AAF006778D6 /* Person.m */; };
		CF0CB62520DA2B17006778D6 /* Car.m in Sources */ = {isa = PBXBuildFile; fileRef = CF0CB62420DA2B17006778D6 /* Car.m */; };
		CF0CB62820DA2BCF006778D6 /* DataBase.m in Sources */ = {isa = PBXBuildFile; fileRef = CF0CB62720DA2BCF006778D6 /* DataBase.m */; };
		CF0CB63520DA2C8B006778D6 /* FMResultSet.m in Sources */ = {isa = PBXBuildFile; fileRef = CF0CB62C20DA2C8A006778D6 /* FMResultSet.m */; };
		CF0CB63620DA2C8B006778D6 /* FMDatabase.m in Sources */ = {isa = PBXBuildFile; fileRef = CF0CB62D20DA2C8A006778D6 /* FMDatabase.m */; };
		CF0CB63720DA2C8B006778D6 /* FMDatabaseAdditions.m in Sources */ = {isa = PBXBuildFile; fileRef = CF0CB62F20DA2C8A006778D6 /* FMDatabaseAdditions.m */; };
		CF0CB63820DA2C8B006778D6 /* FMDatabasePool.m in Sources */ = {isa = PBXBuildFile; fileRef = CF0CB63020DA2C8A006778D6 /* FMDatabasePool.m */; };
		CF0CB63920DA2C8B006778D6 /* FMDatabaseQueue.m in Sources */ = {isa = PBXBuildFile; fileRef = CF0CB63320DA2C8B006778D6 /* FMDatabaseQueue.m */; };
		CF0CB63C20DA4004006778D6 /* CarViewController.m in Sources */ = {isa = PBXBuildFile; fileRef = CF0CB63B20DA4004006778D6 /* CarViewController.m */; };
		CF0CB63F20DA4336006778D6 /* PersonCarsViewController.m in Sources */ = {isa = PBXBuildFile; fileRef = CF0CB63E20DA4336006778D6 /* PersonCarsViewController.m */; };
/* End PBXBuildFile section */

/* Begin PBXContainerItemProxy section */
		CF0CB60320DA2A60006778D6 /* PBXContainerItemProxy */ = {
			isa = PBXContainerItemProxy;
			containerPortal = CF0CB5E220DA2A5A006778D6 /* Project object */;
			proxyType = 1;
			remoteGlobalIDString = CF0CB5E920DA2A5B006778D6;
			remoteInfo = FMDB;
		};
		CF0CB60E20DA2A60006778D6 /* PBXContainerItemProxy */ = {
			isa = PBXContainerItemProxy;
			containerPortal = CF0CB5E220DA2A5A006778D6 /* Project object */;
			proxyType = 1;
			remoteGlobalIDString = CF0CB5E920DA2A5B006778D6;
			remoteInfo = FMDB;
		};
/* End PBXContainerItemProxy section */

/* Begin PBXFileReference section */
		CF0CB5EA20DA2A5B006778D6 /* FMDB.app */ = {isa = PBXFileReference; explicitFileType = wrapper.application; includeInIndex = 0; path = FMDB.app; sourceTree = BUILT_PRODUCTS_DIR; };
		CF0CB5ED20DA2A5B006778D6 /* AppDelegate.h */ = {isa = PBXFileReference; lastKnownFileType = sourcecode.c.h; path = AppDelegate.h; sourceTree = "<group>"; };
		CF0CB5EE20DA2A5B006778D6 /* AppDelegate.m */ = {isa = PBXFileReference; lastKnownFileType = sourcecode.c.objc; path = AppDelegate.m; sourceTree = "<group>"; };
		CF0CB5F020DA2A5B006778D6 /* ViewController.h */ = {isa = PBXFileReference; lastKnownFileType = sourcecode.c.h; path = ViewController.h; sourceTree = "<group>"; };
		CF0CB5F120DA2A5C006778D6 /* ViewController.m */ = {isa = PBXFileReference; lastKnownFileType = sourcecode.c.objc; path = ViewController.m; sourceTree = "<group>"; };
		CF0CB5F420DA2A5C006778D6 /* Base */ = {isa = PBXFileReference; lastKnownFileType = file.storyboard; name = Base; path = Base.lproj/Main.storyboard; sourceTree = "<group>"; };
		CF0CB5F620DA2A60006778D6 /* Assets.xcassets */ = {isa = PBXFileReference; lastKnownFileType = folder.assetcatalog; path = Assets.xcassets; sourceTree = "<group>"; };
		CF0CB5F920DA2A60006778D6 /* Base */ = {isa = PBXFileReference; lastKnownFileType = file.storyboard; name = Base; path = Base.lproj/LaunchScreen.storyboard; sourceTree = "<group>"; };
		CF0CB5FB20DA2A60006778D6 /* Info.plist */ = {isa = PBXFileReference; lastKnownFileType = text.plist.xml; path = Info.plist; sourceTree = "<group>"; };
		CF0CB5FC20DA2A60006778D6 /* main.m */ = {isa = PBXFileReference; lastKnownFileType = sourcecode.c.objc; path = main.m; sourceTree = "<group>"; };
		CF0CB60220DA2A60006778D6 /* FMDBTests.xctest */ = {isa = PBXFileReference; explicitFileType = wrapper.cfbundle; includeInIndex = 0; path = FMDBTests.xctest; sourceTree = BUILT_PRODUCTS_DIR; };
		CF0CB60620DA2A60006778D6 /* FMDBTests.m */ = {isa = PBXFileReference; lastKnownFileType = sourcecode.c.objc; path = FMDBTests.m; sourceTree = "<group>"; };
		CF0CB60820DA2A60006778D6 /* Info.plist */ = {isa = PBXFileReference; lastKnownFileType = text.plist.xml; path = Info.plist; sourceTree = "<group>"; };
		CF0CB60D20DA2A60006778D6 /* FMDBUITests.xctest */ = {isa = PBXFileReference; explicitFileType = wrapper.cfbundle; includeInIndex = 0; path = FMDBUITests.xctest; sourceTree = BUILT_PRODUCTS_DIR; };
		CF0CB61120DA2A60006778D6 /* FMDBUITests.m */ = {isa = PBXFileReference; lastKnownFileType = sourcecode.c.objc; path = FMDBUITests.m; sourceTree = "<group>"; };
		CF0CB61320DA2A60006778D6 /* Info.plist */ = {isa = PBXFileReference; lastKnownFileType = text.plist.xml; path = Info.plist; sourceTree = "<group>"; };
		CF0CB62020DA2AAF006778D6 /* Person.h */ = {isa = PBXFileReference; lastKnownFileType = sourcecode.c.h; path = Person.h; sourceTree = "<group>"; };
		CF0CB62120DA2AAF006778D6 /* Person.m */ = {isa = PBXFileReference; lastKnownFileType = sourcecode.c.objc; path = Person.m; sourceTree = "<group>"; };
		CF0CB62320DA2B17006778D6 /* Car.h */ = {isa = PBXFileReference; lastKnownFileType = sourcecode.c.h; path = Car.h; sourceTree = "<group>"; };
		CF0CB62420DA2B17006778D6 /* Car.m */ = {isa = PBXFileReference; lastKnownFileType = sourcecode.c.objc; path = Car.m; sourceTree = "<group>"; };
		CF0CB62620DA2BCF006778D6 /* DataBase.h */ = {isa = PBXFileReference; lastKnownFileType = sourcecode.c.h; path = DataBase.h; sourceTree = "<group>"; };
		CF0CB62720DA2BCF006778D6 /* DataBase.m */ = {isa = PBXFileReference; lastKnownFileType = sourcecode.c.objc; path = DataBase.m; sourceTree = "<group>"; };
		CF0CB62A20DA2C8A006778D6 /* FMResultSet.h */ = {isa = PBXFileReference; fileEncoding = 4; lastKnownFileType = sourcecode.c.h; path = FMResultSet.h; sourceTree = "<group>"; };
		CF0CB62B20DA2C8A006778D6 /* FMDatabaseQueue.h */ = {isa = PBXFileReference; fileEncoding = 4; lastKnownFileType = sourcecode.c.h; path = FMDatabaseQueue.h; sourceTree = "<group>"; };
		CF0CB62C20DA2C8A006778D6 /* FMResultSet.m */ = {isa = PBXFileReference; fileEncoding = 4; lastKnownFileType = sourcecode.c.objc; path = FMResultSet.m; sourceTree = "<group>"; };
		CF0CB62D20DA2C8A006778D6 /* FMDatabase.m */ = {isa = PBXFileReference; fileEncoding = 4; lastKnownFileType = sourcecode.c.objc; path = FMDatabase.m; sourceTree = "<group>"; };
		CF0CB62E20DA2C8A006778D6 /* FMDatabase.h */ = {isa = PBXFileReference; fileEncoding = 4; lastKnownFileType = sourcecode.c.h; path = FMDatabase.h; sourceTree = "<group>"; };
		CF0CB62F20DA2C8A006778D6 /* FMDatabaseAdditions.m */ = {isa = PBXFileReference; fileEncoding = 4; lastKnownFileType = sourcecode.c.objc; path = FMDatabaseAdditions.m; sourceTree = "<group>"; };
		CF0CB63020DA2C8A006778D6 /* FMDatabasePool.m */ = {isa = PBXFileReference; fileEncoding = 4; lastKnownFileType = sourcecode.c.objc; path = FMDatabasePool.m; sourceTree = "<group>"; };
		CF0CB63120DA2C8B006778D6 /* FMDatabaseAdditions.h */ = {isa = PBXFileReference; fileEncoding = 4; lastKnownFileType = sourcecode.c.h; path = FMDatabaseAdditions.h; sourceTree = "<group>"; };
		CF0CB63220DA2C8B006778D6 /* FMDatabasePool.h */ = {isa = PBXFileReference; fileEncoding = 4; lastKnownFileType = sourcecode.c.h; path = FMDatabasePool.h; sourceTree = "<group>"; };
		CF0CB63320DA2C8B006778D6 /* FMDatabaseQueue.m */ = {isa = PBXFileReference; fileEncoding = 4; lastKnownFileType = sourcecode.c.objc; path = FMDatabaseQueue.m; sourceTree = "<group>"; };
		CF0CB63420DA2C8B006778D6 /* FMDB.h */ = {isa = PBXFileReference; fileEncoding = 4; lastKnownFileType = sourcecode.c.h; path = FMDB.h; sourceTree = "<group>"; };
		CF0CB63A20DA4004006778D6 /* CarViewController.h */ = {isa = PBXFileReference; lastKnownFileType = sourcecode.c.h; path = CarViewController.h; sourceTree = "<group>"; };
		CF0CB63B20DA4004006778D6 /* CarViewController.m */ = {isa = PBXFileReference; lastKnownFileType = sourcecode.c.objc; path = CarViewController.m; sourceTree = "<group>"; };
		CF0CB63D20DA4336006778D6 /* PersonCarsViewController.h */ = {isa = PBXFileReference; lastKnownFileType = sourcecode.c.h; path = PersonCarsViewController.h; sourceTree = "<group>"; };
		CF0CB63E20DA4336006778D6 /* PersonCarsViewController.m */ = {isa = PBXFileReference; lastKnownFileType = sourcecode.c.objc; path = PersonCarsViewController.m; sourceTree = "<group>"; };
/* End PBXFileReference section */

/* Begin PBXFrameworksBuildPhase section */
		CF0CB5E720DA2A5B006778D6 /* Frameworks */ = {
			isa = PBXFrameworksBuildPhase;
			buildActionMask = 2147483647;
			files = (
			);
			runOnlyForDeploymentPostprocessing = 0;
		};
		CF0CB5FF20DA2A60006778D6 /* Frameworks */ = {
			isa = PBXFrameworksBuildPhase;
			buildActionMask = 2147483647;
			files = (
			);
			runOnlyForDeploymentPostprocessing = 0;
		};
		CF0CB60A20DA2A60006778D6 /* Frameworks */ = {
			isa = PBXFrameworksBuildPhase;
			buildActionMask = 2147483647;
			files = (
			);
			runOnlyForDeploymentPostprocessing = 0;
		};
/* End PBXFrameworksBuildPhase section */

/* Begin PBXGroup section */
		CF0CB5E120DA2A5A006778D6 = {
			isa = PBXGroup;
			children = (
				CF0CB5EC20DA2A5B006778D6 /* FMDB */,
				CF0CB60520DA2A60006778D6 /* FMDBTests */,
				CF0CB61020DA2A60006778D6 /* FMDBUITests */,
				CF0CB5EB20DA2A5B006778D6 /* Products */,
			);
			sourceTree = "<group>";
		};
		CF0CB5EB20DA2A5B006778D6 /* Products */ = {
			isa = PBXGroup;
			children = (
				CF0CB5EA20DA2A5B006778D6 /* FMDB.app */,
				CF0CB60220DA2A60006778D6 /* FMDBTests.xctest */,
				CF0CB60D20DA2A60006778D6 /* FMDBUITests.xctest */,
			);
			name = Products;
			sourceTree = "<group>";
		};
		CF0CB5EC20DA2A5B006778D6 /* FMDB */ = {
			isa = PBXGroup;
			children = (
				CF0CB61F20DA2A85006778D6 /* Model */,
				CF0CB5ED20DA2A5B006778D6 /* AppDelegate.h */,
				CF0CB5EE20DA2A5B006778D6 /* AppDelegate.m */,
				CF0CB5F020DA2A5B006778D6 /* ViewController.h */,
				CF0CB5F120DA2A5C006778D6 /* ViewController.m */,
				CF0CB63A20DA4004006778D6 /* CarViewController.h */,
				CF0CB63B20DA4004006778D6 /* CarViewController.m */,
				CF0CB63D20DA4336006778D6 /* PersonCarsViewController.h */,
				CF0CB63E20DA4336006778D6 /* PersonCarsViewController.m */,
				CF0CB5F320DA2A5C006778D6 /* Main.storyboard */,
				CF0CB5F620DA2A60006778D6 /* Assets.xcassets */,
				CF0CB5F820DA2A60006778D6 /* LaunchScreen.storyboard */,
				CF0CB5FB20DA2A60006778D6 /* Info.plist */,
				CF0CB5FC20DA2A60006778D6 /* main.m */,
			);
			path = FMDB;
			sourceTree = "<group>";
		};
		CF0CB60520DA2A60006778D6 /* FMDBTests */ = {
			isa = PBXGroup;
			children = (
				CF0CB60620DA2A60006778D6 /* FMDBTests.m */,
				CF0CB60820DA2A60006778D6 /* Info.plist */,
			);
			path = FMDBTests;
			sourceTree = "<group>";
		};
		CF0CB61020DA2A60006778D6 /* FMDBUITests */ = {
			isa = PBXGroup;
			children = (
				CF0CB61120DA2A60006778D6 /* FMDBUITests.m */,
				CF0CB61320DA2A60006778D6 /* Info.plist */,
			);
			path = FMDBUITests;
			sourceTree = "<group>";
		};
		CF0CB61F20DA2A85006778D6 /* Model */ = {
			isa = PBXGroup;
			children = (
				CF0CB62920DA2C6B006778D6 /* fmdb */,
				CF0CB62020DA2AAF006778D6 /* Person.h */,
				CF0CB62120DA2AAF006778D6 /* Person.m */,
				CF0CB62320DA2B17006778D6 /* Car.h */,
				CF0CB62420DA2B17006778D6 /* Car.m */,
				CF0CB62620DA2BCF006778D6 /* DataBase.h */,
				CF0CB62720DA2BCF006778D6 /* DataBase.m */,
			);
			path = Model;
			sourceTree = "<group>";
		};
		CF0CB62920DA2C6B006778D6 /* fmdb */ = {
			isa = PBXGroup;
			children = (
				CF0CB62E20DA2C8A006778D6 /* FMDatabase.h */,
				CF0CB62D20DA2C8A006778D6 /* FMDatabase.m */,
				CF0CB63120DA2C8B006778D6 /* FMDatabaseAdditions.h */,
				CF0CB62F20DA2C8A006778D6 /* FMDatabaseAdditions.m */,
				CF0CB63220DA2C8B006778D6 /* FMDatabasePool.h */,
				CF0CB63020DA2C8A006778D6 /* FMDatabasePool.m */,
				CF0CB62B20DA2C8A006778D6 /* FMDatabaseQueue.h */,
				CF0CB63320DA2C8B006778D6 /* FMDatabaseQueue.m */,
				CF0CB63420DA2C8B006778D6 /* FMDB.h */,
				CF0CB62A20DA2C8A006778D6 /* FMResultSet.h */,
				CF0CB62C20DA2C8A006778D6 /* FMResultSet.m */,
			);
			path = fmdb;
			sourceTree = "<group>";
		};
/* End PBXGroup section */

/* Begin PBXNativeTarget section */
		CF0CB5E920DA2A5B006778D6 /* FMDB */ = {
			isa = PBXNativeTarget;
			buildConfigurationList = CF0CB61620DA2A60006778D6 /* Build configuration list for PBXNativeTarget "FMDB" */;
			buildPhases = (
				CF0CB5E620DA2A5B006778D6 /* Sources */,
				CF0CB5E720DA2A5B006778D6 /* Frameworks */,
				CF0CB5E820DA2A5B006778D6 /* Resources */,
			);
			buildRules = (
			);
			dependencies = (
			);
			name = FMDB;
			productName = FMDB;
			productReference = CF0CB5EA20DA2A5B006778D6 /* FMDB.app */;
			productType = "com.apple.product-type.application";
		};
		CF0CB60120DA2A60006778D6 /* FMDBTests */ = {
			isa = PBXNativeTarget;
			buildConfigurationList = CF0CB61920DA2A60006778D6 /* Build configuration list for PBXNativeTarget "FMDBTests" */;
			buildPhases = (
				CF0CB5FE20DA2A60006778D6 /* Sources */,
				CF0CB5FF20DA2A60006778D6 /* Frameworks */,
				CF0CB60020DA2A60006778D6 /* Resources */,
			);
			buildRules = (
			);
			dependencies = (
				CF0CB60420DA2A60006778D6 /* PBXTargetDependency */,
			);
			name = FMDBTests;
			productName = FMDBTests;
			productReference = CF0CB60220DA2A60006778D6 /* FMDBTests.xctest */;
			productType = "com.apple.product-type.bundle.unit-test";
		};
		CF0CB60C20DA2A60006778D6 /* FMDBUITests */ = {
			isa = PBXNativeTarget;
			buildConfigurationList = CF0CB61C20DA2A60006778D6 /* Build configuration list for PBXNativeTarget "FMDBUITests" */;
			buildPhases = (
				CF0CB60920DA2A60006778D6 /* Sources */,
				CF0CB60A20DA2A60006778D6 /* Frameworks */,
				CF0CB60B20DA2A60006778D6 /* Resources */,
			);
			buildRules = (
			);
			dependencies = (
				CF0CB60F20DA2A60006778D6 /* PBXTargetDependency */,
			);
			name = FMDBUITests;
			productName = FMDBUITests;
			productReference = CF0CB60D20DA2A60006778D6 /* FMDBUITests.xctest */;
			productType = "com.apple.product-type.bundle.ui-testing";
		};
/* End PBXNativeTarget section */

/* Begin PBXProject section */
		CF0CB5E220DA2A5A006778D6 /* Project object */ = {
			isa = PBXProject;
			attributes = {
				LastUpgradeCheck = 0930;
				ORGANIZATIONNAME = Superman;
				TargetAttributes = {
					CF0CB5E920DA2A5B006778D6 = {
						CreatedOnToolsVersion = 9.3;
					};
					CF0CB60120DA2A60006778D6 = {
						CreatedOnToolsVersion = 9.3;
						TestTargetID = CF0CB5E920DA2A5B006778D6;
					};
					CF0CB60C20DA2A60006778D6 = {
						CreatedOnToolsVersion = 9.3;
						TestTargetID = CF0CB5E920DA2A5B006778D6;
					};
				};
			};
			buildConfigurationList = CF0CB5E520DA2A5B006778D6 /* Build configuration list for PBXProject "FMDB" */;
			compatibilityVersion = "Xcode 9.3";
			developmentRegion = en;
			hasScannedForEncodings = 0;
			knownRegions = (
				en,
				Base,
			);
			mainGroup = CF0CB5E120DA2A5A006778D6;
			productRefGroup = CF0CB5EB20DA2A5B006778D6 /* Products */;
			projectDirPath = "";
			projectRoot = "";
			targets = (
				CF0CB5E920DA2A5B006778D6 /* FMDB */,
				CF0CB60120DA2A60006778D6 /* FMDBTests */,
				CF0CB60C20DA2A60006778D6 /* FMDBUITests */,
			);
		};
/* End PBXProject section */

/* Begin PBXResourcesBuildPhase section */
		CF0CB5E820DA2A5B006778D6 /* Resources */ = {
			isa = PBXResourcesBuildPhase;
			buildActionMask = 2147483647;
			files = (
				CF0CB5FA20DA2A60006778D6 /* LaunchScreen.storyboard in Resources */,
				CF0CB5F720DA2A60006778D6 /* Assets.xcassets in Resources */,
				CF0CB5F520DA2A5C006778D6 /* Main.storyboard in Resources */,
			);
			runOnlyForDeploymentPostprocessing = 0;
		};
		CF0CB60020DA2A60006778D6 /* Resources */ = {
			isa = PBXResourcesBuildPhase;
			buildActionMask = 2147483647;
			files = (
			);
			runOnlyForDeploymentPostprocessing = 0;
		};
		CF0CB60B20DA2A60006778D6 /* Resources */ = {
			isa = PBXResourcesBuildPhase;
			buildActionMask = 2147483647;
			files = (
			);
			runOnlyForDeploymentPostprocessing = 0;
		};
/* End PBXResourcesBuildPhase section */

/* Begin PBXSourcesBuildPhase section */
		CF0CB5E620DA2A5B006778D6 /* Sources */ = {
			isa = PBXSourcesBuildPhase;
			buildActionMask = 2147483647;
			files = (
				CF0CB62520DA2B17006778D6 /* Car.m in Sources */,
				CF0CB5F220DA2A5C006778D6 /* ViewController.m in Sources */,
				CF0CB63520DA2C8B006778D6 /* FMResultSet.m in Sources */,
				CF0CB63F20DA4336006778D6 /* PersonCarsViewController.m in Sources */,
				CF0CB62820DA2BCF006778D6 /* DataBase.m in Sources */,
				CF0CB5FD20DA2A60006778D6 /* main.m in Sources */,
				CF0CB63720DA2C8B006778D6 /* FMDatabaseAdditions.m in Sources */,
				CF0CB62220DA2AAF006778D6 /* Person.m in Sources */,
				CF0CB63C20DA4004006778D6 /* CarViewController.m in Sources */,
				CF0CB63820DA2C8B006778D6 /* FMDatabasePool.m in Sources */,
				CF0CB63920DA2C8B006778D6 /* FMDatabaseQueue.m in Sources */,
				CF0CB5EF20DA2A5B006778D6 /* AppDelegate.m in Sources */,
				CF0CB63620DA2C8B006778D6 /* FMDatabase.m in Sources */,
			);
			runOnlyForDeploymentPostprocessing = 0;
		};
		CF0CB5FE20DA2A60006778D6 /* Sources */ = {
			isa = PBXSourcesBuildPhase;
			buildActionMask = 2147483647;
			files = (
				CF0CB60720DA2A60006778D6 /* FMDBTests.m in Sources */,
			);
			runOnlyForDeploymentPostprocessing = 0;
		};
		CF0CB60920DA2A60006778D6 /* Sources */ = {
			isa = PBXSourcesBuildPhase;
			buildActionMask = 2147483647;
			files = (
				CF0CB61220DA2A60006778D6 /* FMDBUITests.m in Sources */,
			);
			runOnlyForDeploymentPostprocessing = 0;
		};
/* End PBXSourcesBuildPhase section */

/* Begin PBXTargetDependency section */
		CF0CB60420DA2A60006778D6 /* PBXTargetDependency */ = {
			isa = PBXTargetDependency;
			target = CF0CB5E920DA2A5B006778D6 /* FMDB */;
			targetProxy = CF0CB60320DA2A60006778D6 /* PBXContainerItemProxy */;
		};
		CF0CB60F20DA2A60006778D6 /* PBXTargetDependency */ = {
			isa = PBXTargetDependency;
			target = CF0CB5E920DA2A5B006778D6 /* FMDB */;
			targetProxy = CF0CB60E20DA2A60006778D6 /* PBXContainerItemProxy */;
		};
/* End PBXTargetDependency section */

/* Begin PBXVariantGroup section */
		CF0CB5F320DA2A5C006778D6 /* Main.storyboard */ = {
			isa = PBXVariantGroup;
			children = (
				CF0CB5F420DA2A5C006778D6 /* Base */,
			);
			name = Main.storyboard;
			sourceTree = "<group>";
		};
		CF0CB5F820DA2A60006778D6 /* LaunchScreen.storyboard */ = {
			isa = PBXVariantGroup;
			children = (
				CF0CB5F920DA2A60006778D6 /* Base */,
			);
			name = LaunchScreen.storyboard;
			sourceTree = "<group>";
		};
/* End PBXVariantGroup section */

/* Begin XCBuildConfiguration section */
		CF0CB61420DA2A60006778D6 /* Debug */ = {
			isa = XCBuildConfiguration;
			buildSettings = {
				ALWAYS_SEARCH_USER_PATHS = NO;
				CLANG_ANALYZER_NONNULL = YES;
				CLANG_ANALYZER_NUMBER_OBJECT_CONVERSION = YES_AGGRESSIVE;
				CLANG_CXX_LANGUAGE_STANDARD = "gnu++14";
				CLANG_CXX_LIBRARY = "libc++";
				CLANG_ENABLE_MODULES = YES;
				CLANG_ENABLE_OBJC_ARC = YES;
				CLANG_ENABLE_OBJC_WEAK = YES;
				CLANG_WARN_BLOCK_CAPTURE_AUTORELEASING = YES;
				CLANG_WARN_BOOL_CONVERSION = YES;
				CLANG_WARN_COMMA = YES;
				CLANG_WARN_CONSTANT_CONVERSION = YES;
				CLANG_WARN_DEPRECATED_OBJC_IMPLEMENTATIONS = YES;
				CLANG_WARN_DIRECT_OBJC_ISA_USAGE = YES_ERROR;
				CLANG_WARN_DOCUMENTATION_COMMENTS = YES;
				CLANG_WARN_EMPTY_BODY = YES;
				CLANG_WARN_ENUM_CONVERSION = YES;
				CLANG_WARN_INFINITE_RECURSION = YES;
				CLANG_WARN_INT_CONVERSION = YES;
				CLANG_WARN_NON_LITERAL_NULL_CONVERSION = YES;
				CLANG_WARN_OBJC_IMPLICIT_RETAIN_SELF = YES;
				CLANG_WARN_OBJC_LITERAL_CONVERSION = YES;
				CLANG_WARN_OBJC_ROOT_CLASS = YES_ERROR;
				CLANG_WARN_RANGE_LOOP_ANALYSIS = YES;
				CLANG_WARN_STRICT_PROTOTYPES = YES;
				CLANG_WARN_SUSPICIOUS_MOVE = YES;
				CLANG_WARN_UNGUARDED_AVAILABILITY = YES_AGGRESSIVE;
				CLANG_WARN_UNREACHABLE_CODE = YES;
				CLANG_WARN__DUPLICATE_METHOD_MATCH = YES;
				CODE_SIGN_IDENTITY = "iPhone Developer";
				COPY_PHASE_STRIP = NO;
				DEBUG_INFORMATION_FORMAT = dwarf;
				ENABLE_STRICT_OBJC_MSGSEND = YES;
				ENABLE_TESTABILITY = YES;
				GCC_C_LANGUAGE_STANDARD = gnu11;
				GCC_DYNAMIC_NO_PIC = NO;
				GCC_NO_COMMON_BLOCKS = YES;
				GCC_OPTIMIZATION_LEVEL = 0;
				GCC_PREPROCESSOR_DEFINITIONS = (
					"DEBUG=1",
					"$(inherited)",
				);
				GCC_WARN_64_TO_32_BIT_CONVERSION = YES;
				GCC_WARN_ABOUT_RETURN_TYPE = YES_ERROR;
				GCC_WARN_UNDECLARED_SELECTOR = YES;
				GCC_WARN_UNINITIALIZED_AUTOS = YES_AGGRESSIVE;
				GCC_WARN_UNUSED_FUNCTION = YES;
				GCC_WARN_UNUSED_VARIABLE = YES;
				IPHONEOS_DEPLOYMENT_TARGET = 10.2;
				MTL_ENABLE_DEBUG_INFO = YES;
				ONLY_ACTIVE_ARCH = YES;
				SDKROOT = iphoneos;
			};
			name = Debug;
		};
		CF0CB61520DA2A60006778D6 /* Release */ = {
			isa = XCBuildConfiguration;
			buildSettings = {
				ALWAYS_SEARCH_USER_PATHS = NO;
				CLANG_ANALYZER_NONNULL = YES;
				CLANG_ANALYZER_NUMBER_OBJECT_CONVERSION = YES_AGGRESSIVE;
				CLANG_CXX_LANGUAGE_STANDARD = "gnu++14";
				CLANG_CXX_LIBRARY = "libc++";
				CLANG_ENABLE_MODULES = YES;
				CLANG_ENABLE_OBJC_ARC = YES;
				CLANG_ENABLE_OBJC_WEAK = YES;
				CLANG_WARN_BLOCK_CAPTURE_AUTORELEASING = YES;
				CLANG_WARN_BOOL_CONVERSION = YES;
				CLANG_WARN_COMMA = YES;
				CLANG_WARN_CONSTANT_CONVERSION = YES;
				CLANG_WARN_DEPRECATED_OBJC_IMPLEMENTATIONS = YES;
				CLANG_WARN_DIRECT_OBJC_ISA_USAGE = YES_ERROR;
				CLANG_WARN_DOCUMENTATION_COMMENTS = YES;
				CLANG_WARN_EMPTY_BODY = YES;
				CLANG_WARN_ENUM_CONVERSION = YES;
				CLANG_WARN_INFINITE_RECURSION = YES;
				CLANG_WARN_INT_CONVERSION = YES;
				CLANG_WARN_NON_LITERAL_NULL_CONVERSION = YES;
				CLANG_WARN_OBJC_IMPLICIT_RETAIN_SELF = YES;
				CLANG_WARN_OBJC_LITERAL_CONVERSION = YES;
				CLANG_WARN_OBJC_ROOT_CLASS = YES_ERROR;
				CLANG_WARN_RANGE_LOOP_ANALYSIS = YES;
				CLANG_WARN_STRICT_PROTOTYPES = YES;
				CLANG_WARN_SUSPICIOUS_MOVE = YES;
				CLANG_WARN_UNGUARDED_AVAILABILITY = YES_AGGRESSIVE;
				CLANG_WARN_UNREACHABLE_CODE = YES;
				CLANG_WARN__DUPLICATE_METHOD_MATCH = YES;
				CODE_SIGN_IDENTITY = "iPhone Developer";
				COPY_PHASE_STRIP = NO;
				DEBUG_INFORMATION_FORMAT = "dwarf-with-dsym";
				ENABLE_NS_ASSERTIONS = NO;
				ENABLE_STRICT_OBJC_MSGSEND = YES;
				GCC_C_LANGUAGE_STANDARD = gnu11;
				GCC_NO_COMMON_BLOCKS = YES;
				GCC_WARN_64_TO_32_BIT_CONVERSION = YES;
				GCC_WARN_ABOUT_RETURN_TYPE = YES_ERROR;
				GCC_WARN_UNDECLARED_SELECTOR = YES;
				GCC_WARN_UNINITIALIZED_AUTOS = YES_AGGRESSIVE;
				GCC_WARN_UNUSED_FUNCTION = YES;
				GCC_WARN_UNUSED_VARIABLE = YES;
				IPHONEOS_DEPLOYMENT_TARGET = 10.2;
				MTL_ENABLE_DEBUG_INFO = NO;
				SDKROOT = iphoneos;
				VALIDATE_PRODUCT = YES;
			};
			name = Release;
		};
		CF0CB61720DA2A60006778D6 /* Debug */ = {
			isa = XCBuildConfiguration;
			buildSettings = {
				ASSETCATALOG_COMPILER_APPICON_NAME = AppIcon;
				CODE_SIGN_STYLE = Automatic;
				DEVELOPMENT_TEAM = 78S8WECG83;
				INFOPLIST_FILE = FMDB/Info.plist;
				LD_RUNPATH_SEARCH_PATHS = (
					"$(inherited)",
					"@executable_path/Frameworks",
				);
				PRODUCT_BUNDLE_IDENTIFIER = ffd.FMDB;
				PRODUCT_NAME = "$(TARGET_NAME)";
				TARGETED_DEVICE_FAMILY = "1,2";
			};
			name = Debug;
		};
		CF0CB61820DA2A60006778D6 /* Release */ = {
			isa = XCBuildConfiguration;
			buildSettings = {
				ASSETCATALOG_COMPILER_APPICON_NAME = AppIcon;
				CODE_SIGN_STYLE = Automatic;
				DEVELOPMENT_TEAM = 78S8WECG83;
				INFOPLIST_FILE = FMDB/Info.plist;
				LD_RUNPATH_SEARCH_PATHS = (
					"$(inherited)",
					"@executable_path/Frameworks",
				);
				PRODUCT_BUNDLE_IDENTIFIER = ffd.FMDB;
				PRODUCT_NAME = "$(TARGET_NAME)";
				TARGETED_DEVICE_FAMILY = "1,2";
			};
			name = Release;
		};
		CF0CB61A20DA2A60006778D6 /* Debug */ = {
			isa = XCBuildConfiguration;
			buildSettings = {
				BUNDLE_LOADER = "$(TEST_HOST)";
				CODE_SIGN_STYLE = Automatic;
				DEVELOPMENT_TEAM = 78S8WECG83;
				INFOPLIST_FILE = FMDBTests/Info.plist;
				LD_RUNPATH_SEARCH_PATHS = (
					"$(inherited)",
					"@executable_path/Frameworks",
					"@loader_path/Frameworks",
				);
				PRODUCT_BUNDLE_IDENTIFIER = ffd.FMDBTests;
				PRODUCT_NAME = "$(TARGET_NAME)";
				TARGETED_DEVICE_FAMILY = "1,2";
				TEST_HOST = "$(BUILT_PRODUCTS_DIR)/FMDB.app/FMDB";
			};
			name = Debug;
		};
		CF0CB61B20DA2A60006778D6 /* Release */ = {
			isa = XCBuildConfiguration;
			buildSettings = {
				BUNDLE_LOADER = "$(TEST_HOST)";
				CODE_SIGN_STYLE = Automatic;
				DEVELOPMENT_TEAM = 78S8WECG83;
				INFOPLIST_FILE = FMDBTests/Info.plist;
				LD_RUNPATH_SEARCH_PATHS = (
					"$(inherited)",
					"@executable_path/Frameworks",
					"@loader_path/Frameworks",
				);
				PRODUCT_BUNDLE_IDENTIFIER = ffd.FMDBTests;
				PRODUCT_NAME = "$(TARGET_NAME)";
				TARGETED_DEVICE_FAMILY = "1,2";
				TEST_HOST = "$(BUILT_PRODUCTS_DIR)/FMDB.app/FMDB";
			};
			name = Release;
		};
		CF0CB61D20DA2A60006778D6 /* Debug */ = {
			isa = XCBuildConfiguration;
			buildSettings = {
				CODE_SIGN_STYLE = Automatic;
				INFOPLIST_FILE = FMDBUITests/Info.plist;
				LD_RUNPATH_SEARCH_PATHS = (
					"$(inherited)",
					"@executable_path/Frameworks",
					"@loader_path/Frameworks",
				);
				PRODUCT_BUNDLE_IDENTIFIER = ffd.FMDBUITests;
				PRODUCT_NAME = "$(TARGET_NAME)";
				TARGETED_DEVICE_FAMILY = "1,2";
				TEST_TARGET_NAME = FMDB;
			};
			name = Debug;
		};
		CF0CB61E20DA2A60006778D6 /* Release */ = {
			isa = XCBuildConfiguration;
			buildSettings = {
				CODE_SIGN_STYLE = Automatic;
				INFOPLIST_FILE = FMDBUITests/Info.plist;
				LD_RUNPATH_SEARCH_PATHS = (
					"$(inherited)",
					"@executable_path/Frameworks",
					"@loader_path/Frameworks",
				);
				PRODUCT_BUNDLE_IDENTIFIER = ffd.FMDBUITests;
				PRODUCT_NAME = "$(TARGET_NAME)";
				TARGETED_DEVICE_FAMILY = "1,2";
				TEST_TARGET_NAME = FMDB;
			};
			name = Release;
		};
/* End XCBuildConfiguration section */

/* Begin XCConfigurationList section */
		CF0CB5E520DA2A5B006778D6 /* Build configuration list for PBXProject "FMDB" */ = {
			isa = XCConfigurationList;
			buildConfigurations = (
				CF0CB61420DA2A60006778D6 /* Debug */,
				CF0CB61520DA2A60006778D6 /* Release */,
			);
			defaultConfigurationIsVisible = 0;
			defaultConfigurationName = Release;
		};
		CF0CB61620DA2A60006778D6 /* Build configuration list for PBXNativeTarget "FMDB" */ = {
			isa = XCConfigurationList;
			buildConfigurations = (
				CF0CB61720DA2A60006778D6 /* Debug */,
				CF0CB61820DA2A60006778D6 /* Release */,
			);
			defaultConfigurationIsVisible = 0;
			defaultConfigurationName = Release;
		};
		CF0CB61920DA2A60006778D6 /* Build configuration list for PBXNativeTarget "FMDBTests" */ = {
			isa = XCConfigurationList;
			buildConfigurations = (
				CF0CB61A20DA2A60006778D6 /* Debug */,
				CF0CB61B20DA2A60006778D6 /* Release */,
			);
			defaultConfigurationIsVisible = 0;
			defaultConfigurationName = Release;
		};
		CF0CB61C20DA2A60006778D6 /* Build configuration list for PBXNativeTarget "FMDBUITests" */ = {
			isa = XCConfigurationList;
			buildConfigurations = (
				CF0CB61D20DA2A60006778D6 /* Debug */,
				CF0CB61E20DA2A60006778D6 /* Release */,
			);
			defaultConfigurationIsVisible = 0;
			defaultConfigurationName = Release;
		};
/* End XCConfigurationList section */
	};
	rootObject = CF0CB5E220DA2A5A006778D6 /* Project object */;
}
